
Microsoft Visual Studio Solution File, Format Version 12.00
# Visual Studio Version 16
VisualStudioVersion = 16.0.30717.126
MinimumVisualStudioVersion = 10.0.40219.1
Project("{FAE04EC0-301F-11D3-BF4B-00C04F79EFBC}") = "easyWSL", "easyWSL.csproj", "{8AE538B6-FEC5-4B39-B325-BE033F67BF6A}"
EndProject
Global
	GlobalSection(SolutionConfigurationPlatforms) = preSolution
		Debug|Any CPU = Debug|Any CPU
		Release|Any CPU = Release|Any CPU
	EndGlobalSection
	GlobalSection(ProjectConfigurationPlatforms) = postSolution
		{8AE538B6-FEC5-4B39-B325-BE033F67BF6A}.Debug|Any CPU.ActiveCfg = Debug|Any CPU
		{8AE538B6-FEC5-4B39-B325-BE033F67BF6A}.Debug|Any CPU.Build.0 = Debug|Any CPU
		{8AE538B6-FEC5-4B39-B325-BE033F67BF6A}.Release|Any CPU.ActiveCfg = Release|Any CPU
		{8AE538B6-FEC5-4B39-B325-BE033F67BF6A}.Release|Any CPU.Build.0 = Release|Any CPU
	EndGlobalSection
	GlobalSection(SolutionProperties) = preSolution
		HideSolutionNode = FALSE
	EndGlobalSection
	GlobalSection(ExtensibilityGlobals) = postSolution
		SolutionGuid = {F216A3DA-C99D-43A7-A96B-07EBADDEF9B4}
	EndGlobalSection
EndGlobal
